
Microsoft Visual Studio Solution File, Format Version 12.00
# Visual Studio 15
VisualStudioVersion = 15.0.27428.2043
MinimumVisualStudioVersion = 10.0.40219.1
Project("{FAE04EC0-301F-11D3-BF4B-00C04F79EFBC}") = "DDS_Space_Invaders", "DDS_Space_Invaders\DDS_Space_Invaders.csproj", "{908DD367-E004-45CF-A91B-04AE44B65C15}"
EndProject
Project("{FAE04EC0-301F-11D3-BF4B-00C04F79EFBC}") = "DDS_SPACE_INVADERS.Tests", "DDS_SPACE_INVADERS.Tests\DDS_SPACE_INVADERS.Tests.csproj", "{282CB3E3-EA19-4526-8C22-D37D931E40B8}"
EndProject
Global
	GlobalSection(SolutionConfigurationPlatforms) = preSolution
		Debug|Any CPU = Debug|Any CPU
		Debug|x86 = Debug|x86
		Release|Any CPU = Release|Any CPU
		Release|x86 = Release|x86
	EndGlobalSection
	GlobalSection(ProjectConfigurationPlatforms) = postSolution
		{908DD367-E004-45CF-A91B-04AE44B65C15}.Debug|Any CPU.ActiveCfg = Debug|x86
		{908DD367-E004-45CF-A91B-04AE44B65C15}.Debug|Any CPU.Build.0 = Debug|x86
		{908DD367-E004-45CF-A91B-04AE44B65C15}.Debug|x86.ActiveCfg = Debug|x86
		{908DD367-E004-45CF-A91B-04AE44B65C15}.Debug|x86.Build.0 = Debug|x86
		{908DD367-E004-45CF-A91B-04AE44B65C15}.Release|Any CPU.ActiveCfg = Release|x86
		{908DD367-E004-45CF-A91B-04AE44B65C15}.Release|x86.ActiveCfg = Release|x86
		{908DD367-E004-45CF-A91B-04AE44B65C15}.Release|x86.Build.0 = Release|x86
		{282CB3E3-EA19-4526-8C22-D37D931E40B8}.Debug|Any CPU.ActiveCfg = Debug|Any CPU
		{282CB3E3-EA19-4526-8C22-D37D931E40B8}.Debug|x86.ActiveCfg = Debug|Any CPU
		{282CB3E3-EA19-4526-8C22-D37D931E40B8}.Debug|x86.Build.0 = Debug|Any CPU
		{282CB3E3-EA19-4526-8C22-D37D931E40B8}.Release|Any CPU.ActiveCfg = Release|Any CPU
		{282CB3E3-EA19-4526-8C22-D37D931E40B8}.Release|Any CPU.Build.0 = Release|Any CPU
		{282CB3E3-EA19-4526-8C22-D37D931E40B8}.Release|x86.ActiveCfg = Release|Any CPU
		{282CB3E3-EA19-4526-8C22-D37D931E40B8}.Release|x86.Build.0 = Release|Any CPU
	EndGlobalSection
	GlobalSection(SolutionProperties) = preSolution
		HideSolutionNode = FALSE
	EndGlobalSection
	GlobalSection(ExtensibilityGlobals) = postSolution
		SolutionGuid = {178F4290-AF1A-40EB-A367-6605B34BC5CD}
	EndGlobalSection
EndGlobal
